
Microsoft Visual Studio Solution File, Format Version 12.00
# Visual Studio Version 17
VisualStudioVersion = 17.1.32210.238
MinimumVisualStudioVersion = 10.0.40219.1
Project("{FAE04EC0-301F-11D3-BF4B-00C04F79EFBC}") = "Lesson4_Random Matrix", "Lesson4_Random Matrix\Lesson4_Random Matrix.csproj", "{D81E9429-E7AB-417A-BF0B-995276A7367F}"
EndProject
Project("{FAE04EC0-301F-11D3-BF4B-00C04F79EFBC}") = "Lesson4_Min Element", "Lesson4_Min Element\Lesson4_Min Element.csproj", "{B800327B-3F21-476C-8EAD-860B20CBE22E}"
EndProject
Project("{FAE04EC0-301F-11D3-BF4B-00C04F79EFBC}") = "Lesson4_Quess the number", "Lesson4_Quess the number\Lesson4_Quess the number.csproj", "{4A935DCF-F575-4F4D-91CE-BB538242E68A}"
EndProject
Global
	GlobalSection(SolutionConfigurationPlatforms) = preSolution
		Debug|Any CPU = Debug|Any CPU
		Release|Any CPU = Release|Any CPU
	EndGlobalSection
	GlobalSection(ProjectConfigurationPlatforms) = postSolution
		{D81E9429-E7AB-417A-BF0B-995276A7367F}.Debug|Any CPU.ActiveCfg = Debug|Any CPU
		{D81E9429-E7AB-417A-BF0B-995276A7367F}.Debug|Any CPU.Build.0 = Debug|Any CPU
		{D81E9429-E7AB-417A-BF0B-995276A7367F}.Release|Any CPU.ActiveCfg = Release|Any CPU
		{D81E9429-E7AB-417A-BF0B-995276A7367F}.Release|Any CPU.Build.0 = Release|Any CPU
		{B800327B-3F21-476C-8EAD-860B20CBE22E}.Debug|Any CPU.ActiveCfg = Debug|Any CPU
		{B800327B-3F21-476C-8EAD-860B20CBE22E}.Debug|Any CPU.Build.0 = Debug|Any CPU
		{B800327B-3F21-476C-8EAD-860B20CBE22E}.Release|Any CPU.ActiveCfg = Release|Any CPU
		{B800327B-3F21-476C-8EAD-860B20CBE22E}.Release|Any CPU.Build.0 = Release|Any CPU
		{4A935DCF-F575-4F4D-91CE-BB538242E68A}.Debug|Any CPU.ActiveCfg = Debug|Any CPU
		{4A935DCF-F575-4F4D-91CE-BB538242E68A}.Debug|Any CPU.Build.0 = Debug|Any CPU
		{4A935DCF-F575-4F4D-91CE-BB538242E68A}.Release|Any CPU.ActiveCfg = Release|Any CPU
		{4A935DCF-F575-4F4D-91CE-BB538242E68A}.Release|Any CPU.Build.0 = Release|Any CPU
	EndGlobalSection
	GlobalSection(SolutionProperties) = preSolution
		HideSolutionNode = FALSE
	EndGlobalSection
	GlobalSection(ExtensibilityGlobals) = postSolution
		SolutionGuid = {7561BDAD-7570-4341-BC2B-AFD74C8690EE}
	EndGlobalSection
EndGlobal
